{
  "version": 4,
  "terraform_version": "1.11.3",
  "serial": 74,
  "lineage": "dd53dbfb-4857-c950-6875-d92988a6b443",
  "outputs": {
    "private_ip_address": {
      "value": "172.31.36.219",
      "type": "string"
    },
    "public_ip_address": {
      "value": "54.196.73.96",
      "type": "string"
    }
  },
  "resources": [
    {
      "mode": "data",
      "type": "aws_ssm_parameter",
      "name": "ssh_private_key",
      "provider": "provider[\"registry.terraform.io/hashicorp/aws\"]",
      "instances": [
        {
          "schema_version": 0,
          "attributes": {
            "arn": "arn:aws:ssm:us-east-1:631172387421:parameter/ssh/linux-key-pair",
            "id": "/ssh/linux-key-pair",
            "insecure_value": "-----BEGIN RSA PRIVATE KEY-----\nMIIEowIBAAKCAQEAjlsskpZg5qe75foewNsSjFhhhhJC3UqWxKvtw3f/sOhxpO5c\nX7kMr7lGhfeeeTlvZn6cAb4ZBUUwIMhtv1n3k+KbdvaPfmgz/oVKYBG0WcPAT6Bp\nB5rDzjCiewO5pYMWXkATyqImqDaEomgUKovtH723PEiqeocJD39dBjwUp5kPKKE5\nkWzunFXEpzFZ3aRh4vgHMN5b3DSSWTGlz4laJXywNZTL/tfPPUFrwxm42WCLeGFD\ngtEMQCFnc2fWf/1mMEmRZJafxfrRbTlHtSCOortS+c5BidLrFTismD7T+oXWrhyz\nGoyK/4gErF5zC8x6y2OtN2ig4rgxBH0cBwCGVQIDAQABAoIBAFD9FAWtoiF3ihHT\n0806lXndClbBauME/XOUsOdFDOXzyDviFBGtcMdEbBfpgXJMN9Gi9FSVdxyleTUd\ncjqsD4tGH9Z1fbuXwwTphh/T0rxC/tUOWNKnvQBAcR/1RZghVQd4AwqEZ+PJaHoR\nJm/yPYySXX3hhYPB8WisuBrE8adLMJ0SVhpaEytggtwpV/Jv1zf6/qXEo+f9x+oO\nGuuM4Zv/3cvgeIs1jKwl8NXvKp5nSMZIWDv4E/YZqUt5pz3/xXejT9HUsW/WSQIc\njPMZfcI18tfLUr6Fkn/c5T6m/DE1Ra9ldHVyMpcuO/FZOECg5sowCf1tJ5+0ieYJ\nYFz+TD0CgYEA8eKmprF51aYDssTFqY8kdxzcR0O1PXH8RGtYMMk437F8kBZrCoJZ\nMB+vjdPFbbnM0KAzG6hcrax1bt/Px0ihHTnXsG85xKQZEJcbGAl9UM19wYCUA0UZ\nBuLiGmksjMS9856/p7V4gScviuUmRhWCTlBgcg8ZapLMDt7igxcfX8MCgYEAlqm6\nloXWrOiJKUlAd14+tLSAnwMkyB5IpW5R02FKaFyo2k2FTflxKHc3IecQA4qCYpIj\nmxx7qWGLotpq3oEPdTDbDmyhCKoLRfIIB3OfHbO1dKbWYUXGQ4rPpxuXRHSaEFR9\nXSnAUhgAdY01DCZ8/IOI18S5N2soqQFrA1gg+AcCgYAQid+9LAtZiVVdZsjhFBF5\nN3b0RHPi9KU8BF7uTwPdf6Q1seK1wD3a5X+6Yc1w+DBB34I/FN7pXQ5We2UYiiXB\n+s99l81KXbH9CWfn19ZCrRo5HdKA+ruAVgkBp0lNgrI+Mw+FpwnLQuOkSpC4YAYd\n1q8RfWjOeaUMKz8vmWgiwwKBgHto1+/H/YpwhzmMSQP97Ls0R0740j4hoDvx25Cb\n1skZbS4z5YdzVV9iF4TrsdBUumxnbEb308twnWJuKq/LY5AIzsZH8LgaIVXP5QfF\ni4ZW18GPj3bqInbc0y78iLGIGVJbAr03H9Oe2XFwkw060ZI9Y+/pshVU719QTAnX\nPFotAoGBAMXfZkj84fkT+Ca8A37DV7stgF/eNOOkF+H8Q3qsybbvqlmlmbBfsnci\nLwp/cYtYyBaJP/wItBnlNXli+xx2TLAXmcFUZnhIasGXooAEPT8snKvE0gM81H2O\nM/scxv86H1WXOPE8bQZCeqD8iA2GkO/FIUtSuhOncKFNlcwsip1y\n-----END RSA PRIVATE KEY-----",
            "name": "/ssh/linux-key-pair",
            "type": "String",
            "value": "-----BEGIN RSA PRIVATE KEY-----\nMIIEowIBAAKCAQEAjlsskpZg5qe75foewNsSjFhhhhJC3UqWxKvtw3f/sOhxpO5c\nX7kMr7lGhfeeeTlvZn6cAb4ZBUUwIMhtv1n3k+KbdvaPfmgz/oVKYBG0WcPAT6Bp\nB5rDzjCiewO5pYMWXkATyqImqDaEomgUKovtH723PEiqeocJD39dBjwUp5kPKKE5\nkWzunFXEpzFZ3aRh4vgHMN5b3DSSWTGlz4laJXywNZTL/tfPPUFrwxm42WCLeGFD\ngtEMQCFnc2fWf/1mMEmRZJafxfrRbTlHtSCOortS+c5BidLrFTismD7T+oXWrhyz\nGoyK/4gErF5zC8x6y2OtN2ig4rgxBH0cBwCGVQIDAQABAoIBAFD9FAWtoiF3ihHT\n0806lXndClbBauME/XOUsOdFDOXzyDviFBGtcMdEbBfpgXJMN9Gi9FSVdxyleTUd\ncjqsD4tGH9Z1fbuXwwTphh/T0rxC/tUOWNKnvQBAcR/1RZghVQd4AwqEZ+PJaHoR\nJm/yPYySXX3hhYPB8WisuBrE8adLMJ0SVhpaEytggtwpV/Jv1zf6/qXEo+f9x+oO\nGuuM4Zv/3cvgeIs1jKwl8NXvKp5nSMZIWDv4E/YZqUt5pz3/xXejT9HUsW/WSQIc\njPMZfcI18tfLUr6Fkn/c5T6m/DE1Ra9ldHVyMpcuO/FZOECg5sowCf1tJ5+0ieYJ\nYFz+TD0CgYEA8eKmprF51aYDssTFqY8kdxzcR0O1PXH8RGtYMMk437F8kBZrCoJZ\nMB+vjdPFbbnM0KAzG6hcrax1bt/Px0ihHTnXsG85xKQZEJcbGAl9UM19wYCUA0UZ\nBuLiGmksjMS9856/p7V4gScviuUmRhWCTlBgcg8ZapLMDt7igxcfX8MCgYEAlqm6\nloXWrOiJKUlAd14+tLSAnwMkyB5IpW5R02FKaFyo2k2FTflxKHc3IecQA4qCYpIj\nmxx7qWGLotpq3oEPdTDbDmyhCKoLRfIIB3OfHbO1dKbWYUXGQ4rPpxuXRHSaEFR9\nXSnAUhgAdY01DCZ8/IOI18S5N2soqQFrA1gg+AcCgYAQid+9LAtZiVVdZsjhFBF5\nN3b0RHPi9KU8BF7uTwPdf6Q1seK1wD3a5X+6Yc1w+DBB34I/FN7pXQ5We2UYiiXB\n+s99l81KXbH9CWfn19ZCrRo5HdKA+ruAVgkBp0lNgrI+Mw+FpwnLQuOkSpC4YAYd\n1q8RfWjOeaUMKz8vmWgiwwKBgHto1+/H/YpwhzmMSQP97Ls0R0740j4hoDvx25Cb\n1skZbS4z5YdzVV9iF4TrsdBUumxnbEb308twnWJuKq/LY5AIzsZH8LgaIVXP5QfF\ni4ZW18GPj3bqInbc0y78iLGIGVJbAr03H9Oe2XFwkw060ZI9Y+/pshVU719QTAnX\nPFotAoGBAMXfZkj84fkT+Ca8A37DV7stgF/eNOOkF+H8Q3qsybbvqlmlmbBfsnci\nLwp/cYtYyBaJP/wItBnlNXli+xx2TLAXmcFUZnhIasGXooAEPT8snKvE0gM81H2O\nM/scxv86H1WXOPE8bQZCeqD8iA2GkO/FIUtSuhOncKFNlcwsip1y\n-----END RSA PRIVATE KEY-----",
            "version": 1,
            "with_decryption": true
          },
          "sensitive_attributes": [
            [
              {
                "type": "get_attr",
                "value": "value"
              }
            ]
          ]
        }
      ]
    },
    {
      "mode": "managed",
      "type": "aws_iam_instance_profile",
      "name": "jenkins_profile",
      "provider": "provider[\"registry.terraform.io/hashicorp/aws\"]",
      "instances": [
        {
          "schema_version": 0,
          "attributes": {
            "arn": "arn:aws:iam::631172387421:instance-profile/jenkins_instance_profile",
            "create_date": "2025-04-04T13:29:46Z",
            "id": "jenkins_instance_profile",
            "name": "jenkins_instance_profile",
            "name_prefix": "",
            "path": "/",
            "role": "jenkins_ssm_access",
            "tags": null,
            "tags_all": {},
            "unique_id": "AIPAZF5GOKJOW7FJSG2O5"
          },
          "sensitive_attributes": [],
          "private": "bnVsbA==",
          "dependencies": [
            "aws_iam_role.jenkins_ssm_role"
          ]
        }
      ]
    },
    {
      "mode": "managed",
      "type": "aws_iam_role",
      "name": "jenkins_ssm_role",
      "provider": "provider[\"registry.terraform.io/hashicorp/aws\"]",
      "instances": [
        {
          "schema_version": 0,
          "attributes": {
            "arn": "arn:aws:iam::631172387421:role/jenkins_ssm_access",
            "assume_role_policy": "{\"Statement\":[{\"Action\":\"sts:AssumeRole\",\"Effect\":\"Allow\",\"Principal\":{\"Service\":\"ec2.amazonaws.com\"}}],\"Version\":\"2012-10-17\"}",
            "create_date": "2025-04-04T13:29:45Z",
            "description": "",
            "force_detach_policies": false,
            "id": "jenkins_ssm_access",
            "inline_policy": [],
            "managed_policy_arns": [],
            "max_session_duration": 3600,
            "name": "jenkins_ssm_access",
            "name_prefix": "",
            "path": "/",
            "permissions_boundary": "",
            "tags": null,
            "tags_all": {},
            "unique_id": "AROAZF5GOKJOSIODT5DRK"
          },
          "sensitive_attributes": [],
          "private": "bnVsbA=="
        }
      ]
    },
    {
      "mode": "managed",
      "type": "aws_iam_role_policy",
      "name": "jenkins_ssm_policy",
      "provider": "provider[\"registry.terraform.io/hashicorp/aws\"]",
      "instances": [
        {
          "schema_version": 0,
          "attributes": {
            "id": "jenkins_ssm_access:jenkins_ssm_policy",
            "name": "jenkins_ssm_policy",
            "name_prefix": "",
            "policy": "{\"Version\":\"2012-10-17\",\"Statement\":[{\"Action\":[\"ssm:GetParameter\",\"ssm:GetParameters\"],\"Effect\":\"Allow\",\"Resource\":[\"arn:aws:ssm:*:*:parameter/ssh/*\",\"arn:aws:ssm:*:*:parameter/jenkins/*\"]}]}",
            "role": "jenkins_ssm_access"
          },
          "sensitive_attributes": [],
          "private": "bnVsbA==",
          "dependencies": [
            "aws_iam_role.jenkins_ssm_role"
          ]
        }
      ]
    },
    {
      "mode": "managed",
      "type": "aws_instance",
      "name": "jenkins_server",
      "provider": "provider[\"registry.terraform.io/hashicorp/aws\"]",
      "instances": [
        {
          "schema_version": 1,
          "attributes": {
            "ami": "ami-0e86e20dae9224db8",
            "arn": "arn:aws:ec2:us-east-1:631172387421:instance/i-07c324fdf998b74ad",
            "associate_public_ip_address": true,
            "availability_zone": "us-east-1c",
            "capacity_reservation_specification": [
              {
                "capacity_reservation_preference": "open",
                "capacity_reservation_target": []
              }
            ],
            "cpu_core_count": 2,
            "cpu_options": [
              {
                "amd_sev_snp": "",
                "core_count": 2,
                "threads_per_core": 1
              }
            ],
            "cpu_threads_per_core": 1,
            "credit_specification": [
              {
                "cpu_credits": "standard"
              }
            ],
            "disable_api_stop": false,
            "disable_api_termination": false,
            "ebs_block_device": [],
            "ebs_optimized": false,
            "enable_primary_ipv6": null,
            "enclave_options": [
              {
                "enabled": false
              }
            ],
            "ephemeral_block_device": [],
            "get_password_data": false,
            "hibernation": false,
            "host_id": "",
            "host_resource_group_arn": null,
            "iam_instance_profile": "jenkins_instance_profile",
            "id": "i-07c324fdf998b74ad",
            "instance_initiated_shutdown_behavior": "stop",
            "instance_lifecycle": "",
            "instance_market_options": [],
            "instance_state": "running",
            "instance_type": "t2.large",
            "ipv6_address_count": 0,
            "ipv6_addresses": [],
            "key_name": "linux-key-pair",
            "launch_template": [],
            "maintenance_options": [
              {
                "auto_recovery": "default"
              }
            ],
            "metadata_options": [
              {
                "http_endpoint": "enabled",
                "http_protocol_ipv6": "disabled",
                "http_put_response_hop_limit": 2,
                "http_tokens": "required",
                "instance_metadata_tags": "disabled"
              }
            ],
            "monitoring": false,
            "network_interface": [],
            "outpost_arn": "",
            "password_data": "",
            "placement_group": "",
            "placement_partition_number": 0,
            "primary_network_interface_id": "eni-07b252b8c11fb4f76",
            "private_dns": "ip-172-31-36-219.ec2.internal",
            "private_dns_name_options": [
              {
                "enable_resource_name_dns_a_record": false,
                "enable_resource_name_dns_aaaa_record": false,
                "hostname_type": "ip-name"
              }
            ],
            "private_ip": "172.31.36.219",
            "public_dns": "ec2-54-196-73-96.compute-1.amazonaws.com",
            "public_ip": "54.196.73.96",
            "root_block_device": [
              {
                "delete_on_termination": true,
                "device_name": "/dev/sda1",
                "encrypted": false,
                "iops": 3000,
                "kms_key_id": "",
                "tags": null,
                "tags_all": {},
                "throughput": 125,
                "volume_id": "vol-055713bff6bda158b",
                "volume_size": 30,
                "volume_type": "gp3"
              }
            ],
            "secondary_private_ips": [],
            "security_groups": [
              "my-jenkins-sg"
            ],
            "source_dest_check": true,
            "spot_instance_request_id": "",
            "subnet_id": "subnet-0c0d09d335661b836",
            "tags": {
              "Name": "Jenkins-Server"
            },
            "tags_all": {
              "Name": "Jenkins-Server"
            },
            "tenancy": "default",
            "timeouts": null,
            "user_data": null,
            "user_data_base64": null,
            "user_data_replace_on_change": false,
            "volume_tags": null,
            "vpc_security_group_ids": [
              "sg-0fb7032b40408bec1"
            ]
          },
          "sensitive_attributes": [],
          "private": "eyJlMmJmYjczMC1lY2FhLTExZTYtOGY4OC0zNDM2M2JjN2M0YzAiOnsiY3JlYXRlIjo2MDAwMDAwMDAwMDAsImRlbGV0ZSI6MTIwMDAwMDAwMDAwMCwicmVhZCI6OTAwMDAwMDAwMDAwLCJ1cGRhdGUiOjYwMDAwMDAwMDAwMH0sInNjaGVtYV92ZXJzaW9uIjoiMSJ9",
          "dependencies": [
            "aws_iam_instance_profile.jenkins_profile",
            "aws_iam_role.jenkins_ssm_role",
            "aws_security_group.my_security_group",
            "data.aws_ssm_parameter.ssh_private_key"
          ]
        }
      ]
    },
    {
      "mode": "managed",
      "type": "aws_security_group",
      "name": "my_security_group",
      "provider": "provider[\"registry.terraform.io/hashicorp/aws\"]",
      "instances": [
        {
          "schema_version": 1,
          "attributes": {
            "arn": "arn:aws:ec2:us-east-1:631172387421:security-group/sg-0fb7032b40408bec1",
            "description": "Allow necessary ports for Jenkins, Docker, and Kubernetes",
            "egress": [
              {
                "cidr_blocks": [
                  "0.0.0.0/0"
                ],
                "description": "",
                "from_port": 0,
                "ipv6_cidr_blocks": [],
                "prefix_list_ids": [],
                "protocol": "-1",
                "security_groups": [],
                "self": false,
                "to_port": 0
              }
            ],
            "id": "sg-0fb7032b40408bec1",
            "ingress": [
              {
                "cidr_blocks": [
                  "0.0.0.0/0"
                ],
                "description": "HTTP Port",
                "from_port": 80,
                "ipv6_cidr_blocks": [],
                "prefix_list_ids": [],
                "protocol": "tcp",
                "security_groups": [],
                "self": false,
                "to_port": 80
              },
              {
                "cidr_blocks": [
                  "0.0.0.0/0"
                ],
                "description": "HTTPS Port",
                "from_port": 443,
                "ipv6_cidr_blocks": [],
                "prefix_list_ids": [],
                "protocol": "tcp",
                "security_groups": [],
                "self": false,
                "to_port": 443
              },
              {
                "cidr_blocks": [
                  "0.0.0.0/0"
                ],
                "description": "Jenkins Port",
                "from_port": 8080,
                "ipv6_cidr_blocks": [],
                "prefix_list_ids": [],
                "protocol": "tcp",
                "security_groups": [],
                "self": false,
                "to_port": 8080
              },
              {
                "cidr_blocks": [
                  "0.0.0.0/0"
                ],
                "description": "K8s NodePort",
                "from_port": 30000,
                "ipv6_cidr_blocks": [],
                "prefix_list_ids": [],
                "protocol": "tcp",
                "security_groups": [],
                "self": false,
                "to_port": 32767
              },
              {
                "cidr_blocks": [
                  "0.0.0.0/0"
                ],
                "description": "K8s Ports",
                "from_port": 10250,
                "ipv6_cidr_blocks": [],
                "prefix_list_ids": [],
                "protocol": "tcp",
                "security_groups": [],
                "self": false,
                "to_port": 10260
              },
              {
                "cidr_blocks": [
                  "0.0.0.0/0"
                ],
                "description": "Kube API Server",
                "from_port": 6443,
                "ipv6_cidr_blocks": [],
                "prefix_list_ids": [],
                "protocol": "tcp",
                "security_groups": [],
                "self": false,
                "to_port": 6443
              },
              {
                "cidr_blocks": [
                  "0.0.0.0/0"
                ],
                "description": "NPM Port",
                "from_port": 3000,
                "ipv6_cidr_blocks": [],
                "prefix_list_ids": [],
                "protocol": "tcp",
                "security_groups": [],
                "self": false,
                "to_port": 3000
              },
              {
                "cidr_blocks": [
                  "0.0.0.0/0"
                ],
                "description": "Prometheus Metrics Port",
                "from_port": 9100,
                "ipv6_cidr_blocks": [],
                "prefix_list_ids": [],
                "protocol": "tcp",
                "security_groups": [],
                "self": false,
                "to_port": 9100
              },
              {
                "cidr_blocks": [
                  "0.0.0.0/0"
                ],
                "description": "Prometheus Port",
                "from_port": 9090,
                "ipv6_cidr_blocks": [],
                "prefix_list_ids": [],
                "protocol": "tcp",
                "security_groups": [],
                "self": false,
                "to_port": 9090
              },
              {
                "cidr_blocks": [
                  "0.0.0.0/0"
                ],
                "description": "SSH Access",
                "from_port": 22,
                "ipv6_cidr_blocks": [],
                "prefix_list_ids": [],
                "protocol": "tcp",
                "security_groups": [],
                "self": false,
                "to_port": 22
              },
              {
                "cidr_blocks": [
                  "0.0.0.0/0"
                ],
                "description": "SonarQube Port",
                "from_port": 9000,
                "ipv6_cidr_blocks": [],
                "prefix_list_ids": [],
                "protocol": "tcp",
                "security_groups": [],
                "self": false,
                "to_port": 9000
              },
              {
                "cidr_blocks": [
                  "0.0.0.0/0"
                ],
                "description": "etc-cluster Port",
                "from_port": 2379,
                "ipv6_cidr_blocks": [],
                "prefix_list_ids": [],
                "protocol": "tcp",
                "security_groups": [],
                "self": false,
                "to_port": 2380
              }
            ],
            "name": "my-jenkins-sg",
            "name_prefix": "",
            "owner_id": "631172387421",
            "revoke_rules_on_delete": false,
            "tags": null,
            "tags_all": {},
            "timeouts": null,
            "vpc_id": "vpc-008218981a6594c56"
          },
          "sensitive_attributes": [],
          "private": "eyJlMmJmYjczMC1lY2FhLTExZTYtOGY4OC0zNDM2M2JjN2M0YzAiOnsiY3JlYXRlIjo2MDAwMDAwMDAwMDAsImRlbGV0ZSI6OTAwMDAwMDAwMDAwfSwic2NoZW1hX3ZlcnNpb24iOiIxIn0="
        }
      ]
    }
  ],
  "check_results": null
}
